
Microsoft Visual Studio Solution File, Format Version 12.00
# Visual Studio Version 17
VisualStudioVersion = 17.9.34622.214
MinimumVisualStudioVersion = 10.0.40219.1
Project("{FAE04EC0-301F-11D3-BF4B-00C04F79EFBC}") = "MVC_2022", "MVC_2022\MVC_2022.csproj", "{1FBA5DAD-791D-4F10-BCC0-57E5BC77A443}"
EndProject
Global
	GlobalSection(SolutionConfigurationPlatforms) = preSolution
		Debug|Any CPU = Debug|Any CPU
		Release|Any CPU = Release|Any CPU
	EndGlobalSection
	GlobalSection(ProjectConfigurationPlatforms) = postSolution
		{1FBA5DAD-791D-4F10-BCC0-57E5BC77A443}.Debug|Any CPU.ActiveCfg = Debug|Any CPU
		{1FBA5DAD-791D-4F10-BCC0-57E5BC77A443}.Debug|Any CPU.Build.0 = Debug|Any CPU
		{1FBA5DAD-791D-4F10-BCC0-57E5BC77A443}.Release|Any CPU.ActiveCfg = Release|Any CPU
		{1FBA5DAD-791D-4F10-BCC0-57E5BC77A443}.Release|Any CPU.Build.0 = Release|Any CPU
	EndGlobalSection
	GlobalSection(SolutionProperties) = preSolution
		HideSolutionNode = FALSE
	EndGlobalSection
	GlobalSection(ExtensibilityGlobals) = postSolution
		SolutionGuid = {E7E6113B-8386-4C64-AB3E-ADA41D89ACA8}
	EndGlobalSection
EndGlobal
